
Microsoft Visual Studio Solution File, Format Version 12.00
# Visual Studio Version 16
VisualStudioVersion = 16.0.810.24
MinimumVisualStudioVersion = 10.0.40219.1
Project("{FAE04EC0-301F-11D3-BF4B-00C04F79EFBC}") = "NewAndOverride", "NewAndOverride.csproj", "{1F00F4C9-4563-409E-9646-DD7ACBA81F37}"
EndProject
Global
	GlobalSection(SolutionConfigurationPlatforms) = preSolution
		Debug|anycpu = Debug|anycpu
		Release|anycpu = Release|anycpu
	EndGlobalSection
	GlobalSection(ProjectConfigurationPlatforms) = postSolution
		{1F00F4C9-4563-409E-9646-DD7ACBA81F37}.Debug|anycpu.ActiveCfg = Debug|anycpu
		{1F00F4C9-4563-409E-9646-DD7ACBA81F37}.Debug|anycpu.Build.0 = Debug|anycpu
		{1F00F4C9-4563-409E-9646-DD7ACBA81F37}.Release|anycpu.ActiveCfg = Release|anycpu
		{1F00F4C9-4563-409E-9646-DD7ACBA81F37}.Release|anycpu.Build.0 = Release|anycpu
	EndGlobalSection
	GlobalSection(SolutionProperties) = preSolution
		HideSolutionNode = FALSE
	EndGlobalSection
	GlobalSection(ExtensibilityGlobals) = postSolution
		SolutionGuid = {60552591-095C-46AE-B118-798E2C316A5E}
	EndGlobalSection
EndGlobal
